# This file is automatically @generated by Cargo.
# It is not intended for manual editing.
version = 4

[[package]]
name = "studybible-cli"
version = "0.0.1"
dependencies = [
 "studybible-convert",
 "studybible-core",
]

[[package]]
name = "studybible-convert"
version = "0.0.1"
dependencies = [
 "studybible-core",
]

[[package]]
name = "studybible-core"
version = "0.0.1"
